
Microsoft Visual Studio Solution File, Format Version 12.00
# Visual Studio Version 16
VisualStudioVersion = 16.0.29411.108
MinimumVisualStudioVersion = 10.0.40219.1
Project("{FAE04EC0-301F-11D3-BF4B-00C04F79EFBC}") = "BlazorASPNETCORE3", "BlazorASPNETCORE3\BlazorASPNETCORE3.csproj", "{8486B2E4-3342-4D05-B4A9-272624E495C2}"
EndProject
Global
	GlobalSection(SolutionConfigurationPlatforms) = preSolution
		Debug|Any CPU = Debug|Any CPU
		Release|Any CPU = Release|Any CPU
	EndGlobalSection
	GlobalSection(ProjectConfigurationPlatforms) = postSolution
		{8486B2E4-3342-4D05-B4A9-272624E495C2}.Debug|Any CPU.ActiveCfg = Debug|Any CPU
		{8486B2E4-3342-4D05-B4A9-272624E495C2}.Debug|Any CPU.Build.0 = Debug|Any CPU
		{8486B2E4-3342-4D05-B4A9-272624E495C2}.Release|Any CPU.ActiveCfg = Release|Any CPU
		{8486B2E4-3342-4D05-B4A9-272624E495C2}.Release|Any CPU.Build.0 = Release|Any CPU
	EndGlobalSection
	GlobalSection(SolutionProperties) = preSolution
		HideSolutionNode = FALSE
	EndGlobalSection
	GlobalSection(ExtensibilityGlobals) = postSolution
		SolutionGuid = {D85C2CFC-DC5A-4E83-AB0C-8F1816100C19}
	EndGlobalSection
EndGlobal
